{
  "name": "@indra.ai/deva.gemini",
  "version": "0.0.28",
  "lockfileVersion": 3,
  "requires": true,
  "packages": {
    "": {
      "name": "@indra.ai/deva.gemini",
      "version": "0.0.28",
      "license": "MIT",
      "dependencies": {
        "@google/generative-ai": "^0.22.0",
        "@indra.ai/deva": "^1.5.36"
      }
    },
    "node_modules/@google/generative-ai": {
      "version": "0.22.0",
      "resolved": "https://registry.npmjs.org/@google/generative-ai/-/generative-ai-0.22.0.tgz",
      "integrity": "sha512-mLR3PDWCk5O/BWNyDvFDIiwKeXQmFGZ+kJFd9m73QrUPCFREttJyVbBPTW4y9CwTbaltLMDaLDfroCrRv5Bl8Q==",
      "license": "Apache-2.0",
      "engines": {
        "node": ">=18.0.0"
      }
    },
    "node_modules/@indra.ai/deva": {
      "version": "1.5.36",
      "resolved": "https://registry.npmjs.org/@indra.ai/deva/-/deva-1.5.36.tgz",
      "integrity": "sha512-mMXW2GSbvCeuGlNAFGDweXgrcEHi0jm66Fd2yu9OGQT1HTTnKldQpgXSE+dK5C4jWdPnK6c5CHzBQN+HblxrgQ==",
      "funding": [
        {
          "type": "paypal",
          "url": "https://paypal.me/rahulaclub"
        },
        {
          "type": "patreon",
          "url": "https://patreon.com/rahulaclub"
        }
      ],
      "license": "Unlicense",
      "engines": {
        "node": ">=18.16.0",
        "npm": ">=9.5.1"
      }
    }
  }
}
